// !$*UTF8*$!
{
	archiveVersion = 1;
	classes = {
	};
	objectVersion = 56;
	objects = {

/* Begin PBXBuildFile section */
		32400A0A2B8EC43C00C2D639 /* View.swift in Sources */ = {isa = PBXBuildFile; fileRef = 32400A092B8EC43C00C2D639 /* View.swift */; };
		32400A0D2B91A5E400C2D639 /* HomeView.swift in Sources */ = {isa = PBXBuildFile; fileRef = 32400A0C2B91A5E400C2D639 /* HomeView.swift */; };
		32400A0F2B91A5EC00C2D639 /* HomeViewReducer.swift in Sources */ = {isa = PBXBuildFile; fileRef = 32400A0E2B91A5EC00C2D639 /* HomeViewReducer.swift */; };
		32726D362B5F49550083C2F8 /* GroupNewView.swift in Sources */ = {isa = PBXBuildFile; fileRef = 32726D352B5F49550083C2F8 /* GroupNewView.swift */; };
		32726D382B5F495E0083C2F8 /* GroupNewReducer.swift in Sources */ = {isa = PBXBuildFile; fileRef = 32726D372B5F495E0083C2F8 /* GroupNewReducer.swift */; };
		328262172B7AF2A800D16C9E /* WriteGroupRowReducer.swift in Sources */ = {isa = PBXBuildFile; fileRef = 328262162B7AF2A800D16C9E /* WriteGroupRowReducer.swift */; };
		328262192B7AF2B300D16C9E /* WriteGroupRow.swift in Sources */ = {isa = PBXBuildFile; fileRef = 328262182B7AF2B300D16C9E /* WriteGroupRow.swift */; };
		32879D4F2B19ED53000032EF /* PrayerRequestCollectorApp.swift in Sources */ = {isa = PBXBuildFile; fileRef = 32879D4E2B19ED53000032EF /* PrayerRequestCollectorApp.swift */; };
		32879D532B19ED53000032EF /* Assets.xcassets in Resources */ = {isa = PBXBuildFile; fileRef = 32879D522B19ED53000032EF /* Assets.xcassets */; };
		32879D562B19ED53000032EF /* Preview Assets.xcassets in Resources */ = {isa = PBXBuildFile; fileRef = 32879D552B19ED53000032EF /* Preview Assets.xcassets */; };
		32879D582B19ED53000032EF /* Persistence.swift in Sources */ = {isa = PBXBuildFile; fileRef = 32879D572B19ED53000032EF /* Persistence.swift */; };
		32879D5B2B19ED53000032EF /* PrayerRequestCollector.xcdatamodeld in Sources */ = {isa = PBXBuildFile; fileRef = 32879D592B19ED53000032EF /* PrayerRequestCollector.xcdatamodeld */; };
		32879D662B19ED53000032EF /* PrayerRequestCollectorTests.swift in Sources */ = {isa = PBXBuildFile; fileRef = 32879D652B19ED53000032EF /* PrayerRequestCollectorTests.swift */; };
		32879D702B19ED53000032EF /* PrayerRequestCollectorUITests.swift in Sources */ = {isa = PBXBuildFile; fileRef = 32879D6F2B19ED53000032EF /* PrayerRequestCollectorUITests.swift */; };
		32879D722B19ED53000032EF /* PrayerRequestCollectorUITestsLaunchTests.swift in Sources */ = {isa = PBXBuildFile; fileRef = 32879D712B19ED53000032EF /* PrayerRequestCollectorUITestsLaunchTests.swift */; };
		32879D7F2B19EEB6000032EF /* MainView.swift in Sources */ = {isa = PBXBuildFile; fileRef = 32879D7E2B19EEB6000032EF /* MainView.swift */; };
		328EF58A2B46342B0061BC86 /* ComposableArchitecture in Frameworks */ = {isa = PBXBuildFile; productRef = 328EF5892B46342B0061BC86 /* ComposableArchitecture */; };
		32BC6D4B2B51472F00870126 /* GroupClient.swift in Sources */ = {isa = PBXBuildFile; fileRef = 32BC6D4A2B51472F00870126 /* GroupClient.swift */; };
		32BC6D4D2B51473600870126 /* GroupLiveKey.swift in Sources */ = {isa = PBXBuildFile; fileRef = 32BC6D4C2B51473600870126 /* GroupLiveKey.swift */; };
		32BC6D512B5149DC00870126 /* Member.swift in Sources */ = {isa = PBXBuildFile; fileRef = 32BC6D502B5149DC00870126 /* Member.swift */; };
		32BC6D532B5149E200870126 /* Group.swift in Sources */ = {isa = PBXBuildFile; fileRef = 32BC6D522B5149E200870126 /* Group.swift */; };
		32BC6D562B514BA600870126 /* GroupRepositoryProtocol.swift in Sources */ = {isa = PBXBuildFile; fileRef = 32BC6D552B514BA600870126 /* GroupRepositoryProtocol.swift */; };
		32BC6D5B2B514BE600870126 /* GroupRepositoryMock.swift in Sources */ = {isa = PBXBuildFile; fileRef = 32BC6D5A2B514BE600870126 /* GroupRepositoryMock.swift */; };
		32BC6D5D2B5150C100870126 /* GroupRepository.swift in Sources */ = {isa = PBXBuildFile; fileRef = 32BC6D5C2B5150C100870126 /* GroupRepository.swift */; };
		32BC6D5F2B5159E000870126 /* GroupDetailView.swift in Sources */ = {isa = PBXBuildFile; fileRef = 32BC6D5E2B5159E000870126 /* GroupDetailView.swift */; };
		32BC6D612B5159EB00870126 /* GroupDetailReducer.swift in Sources */ = {isa = PBXBuildFile; fileRef = 32BC6D602B5159EB00870126 /* GroupDetailReducer.swift */; };
		32BC6D632B515DBE00870126 /* GroupRow.swift in Sources */ = {isa = PBXBuildFile; fileRef = 32BC6D622B515DBE00870126 /* GroupRow.swift */; };
		32BC6D652B515DDF00870126 /* GroupRowReducer.swift in Sources */ = {isa = PBXBuildFile; fileRef = 32BC6D642B515DDF00870126 /* GroupRowReducer.swift */; };
		32E3D1BD2B4CCFE0004FAAD5 /* GroupView.swift in Sources */ = {isa = PBXBuildFile; fileRef = 32E3D1BC2B4CCFE0004FAAD5 /* GroupView.swift */; };
		32E3D1BF2B4CCFF7004FAAD5 /* WriteView.swift in Sources */ = {isa = PBXBuildFile; fileRef = 32E3D1BE2B4CCFF7004FAAD5 /* WriteView.swift */; };
		32E3D1C12B4CD004004FAAD5 /* SearchView.swift in Sources */ = {isa = PBXBuildFile; fileRef = 32E3D1C02B4CD004004FAAD5 /* SearchView.swift */; };
		32E3D1C62B4CD3F5004FAAD5 /* GroupViewReducer.swift in Sources */ = {isa = PBXBuildFile; fileRef = 32E3D1C52B4CD3F5004FAAD5 /* GroupViewReducer.swift */; };
		32E3D1C82B4CD969004FAAD5 /* SearchViewReducer.swift in Sources */ = {isa = PBXBuildFile; fileRef = 32E3D1C72B4CD969004FAAD5 /* SearchViewReducer.swift */; };
		32E3D1CA2B4CD970004FAAD5 /* WriteViewReducer.swift in Sources */ = {isa = PBXBuildFile; fileRef = 32E3D1C92B4CD970004FAAD5 /* WriteViewReducer.swift */; };
		32E3D1CE2B4CDCFA004FAAD5 /* MainViewReducer.swift in Sources */ = {isa = PBXBuildFile; fileRef = 32E3D1CD2B4CDCFA004FAAD5 /* MainViewReducer.swift */; };
/* End PBXBuildFile section */

/* Begin PBXContainerItemProxy section */
		32879D622B19ED53000032EF /* PBXContainerItemProxy */ = {
			isa = PBXContainerItemProxy;
			containerPortal = 32879D432B19ED53000032EF /* Project object */;
			proxyType = 1;
			remoteGlobalIDString = 32879D4A2B19ED53000032EF;
			remoteInfo = PrayerRequestCollector;
		};
		32879D6C2B19ED53000032EF /* PBXContainerItemProxy */ = {
			isa = PBXContainerItemProxy;
			containerPortal = 32879D432B19ED53000032EF /* Project object */;
			proxyType = 1;
			remoteGlobalIDString = 32879D4A2B19ED53000032EF;
			remoteInfo = PrayerRequestCollector;
		};
/* End PBXContainerItemProxy section */

/* Begin PBXFileReference section */
		32400A092B8EC43C00C2D639 /* View.swift */ = {isa = PBXFileReference; lastKnownFileType = sourcecode.swift; path = View.swift; sourceTree = "<group>"; };
		32400A0C2B91A5E400C2D639 /* HomeView.swift */ = {isa = PBXFileReference; lastKnownFileType = sourcecode.swift; path = HomeView.swift; sourceTree = "<group>"; };
		32400A0E2B91A5EC00C2D639 /* HomeViewReducer.swift */ = {isa = PBXFileReference; lastKnownFileType = sourcecode.swift; path = HomeViewReducer.swift; sourceTree = "<group>"; };
		32726D352B5F49550083C2F8 /* GroupNewView.swift */ = {isa = PBXFileReference; lastKnownFileType = sourcecode.swift; path = GroupNewView.swift; sourceTree = "<group>"; };
		32726D372B5F495E0083C2F8 /* GroupNewReducer.swift */ = {isa = PBXFileReference; lastKnownFileType = sourcecode.swift; path = GroupNewReducer.swift; sourceTree = "<group>"; };
		328262162B7AF2A800D16C9E /* WriteGroupRowReducer.swift */ = {isa = PBXFileReference; lastKnownFileType = sourcecode.swift; path = WriteGroupRowReducer.swift; sourceTree = "<group>"; };
		328262182B7AF2B300D16C9E /* WriteGroupRow.swift */ = {isa = PBXFileReference; lastKnownFileType = sourcecode.swift; path = WriteGroupRow.swift; sourceTree = "<group>"; };
		32879D4B2B19ED53000032EF /* PrayerRequestCollector.app */ = {isa = PBXFileReference; explicitFileType = wrapper.application; includeInIndex = 0; path = PrayerRequestCollector.app; sourceTree = BUILT_PRODUCTS_DIR; };
		32879D4E2B19ED53000032EF /* PrayerRequestCollectorApp.swift */ = {isa = PBXFileReference; lastKnownFileType = sourcecode.swift; path = PrayerRequestCollectorApp.swift; sourceTree = "<group>"; };
		32879D522B19ED53000032EF /* Assets.xcassets */ = {isa = PBXFileReference; lastKnownFileType = folder.assetcatalog; path = Assets.xcassets; sourceTree = "<group>"; };
		32879D552B19ED53000032EF /* Preview Assets.xcassets */ = {isa = PBXFileReference; lastKnownFileType = folder.assetcatalog; path = "Preview Assets.xcassets"; sourceTree = "<group>"; };
		32879D572B19ED53000032EF /* Persistence.swift */ = {isa = PBXFileReference; lastKnownFileType = sourcecode.swift; path = Persistence.swift; sourceTree = "<group>"; };
		32879D5A2B19ED53000032EF /* PrayerRequestCollector.xcdatamodel */ = {isa = PBXFileReference; lastKnownFileType = wrapper.xcdatamodel; path = PrayerRequestCollector.xcdatamodel; sourceTree = "<group>"; };
		32879D5C2B19ED53000032EF /* Info.plist */ = {isa = PBXFileReference; lastKnownFileType = text.plist.xml; path = Info.plist; sourceTree = "<group>"; };
		32879D612B19ED53000032EF /* PrayerRequestCollectorTests.xctest */ = {isa = PBXFileReference; explicitFileType = wrapper.cfbundle; includeInIndex = 0; path = PrayerRequestCollectorTests.xctest; sourceTree = BUILT_PRODUCTS_DIR; };
		32879D652B19ED53000032EF /* PrayerRequestCollectorTests.swift */ = {isa = PBXFileReference; lastKnownFileType = sourcecode.swift; path = PrayerRequestCollectorTests.swift; sourceTree = "<group>"; };
		32879D6B2B19ED53000032EF /* PrayerRequestCollectorUITests.xctest */ = {isa = PBXFileReference; explicitFileType = wrapper.cfbundle; includeInIndex = 0; path = PrayerRequestCollectorUITests.xctest; sourceTree = BUILT_PRODUCTS_DIR; };
		32879D6F2B19ED53000032EF /* PrayerRequestCollectorUITests.swift */ = {isa = PBXFileReference; lastKnownFileType = sourcecode.swift; path = PrayerRequestCollectorUITests.swift; sourceTree = "<group>"; };
		32879D712B19ED53000032EF /* PrayerRequestCollectorUITestsLaunchTests.swift */ = {isa = PBXFileReference; lastKnownFileType = sourcecode.swift; path = PrayerRequestCollectorUITestsLaunchTests.swift; sourceTree = "<group>"; };
		32879D7E2B19EEB6000032EF /* MainView.swift */ = {isa = PBXFileReference; lastKnownFileType = sourcecode.swift; path = MainView.swift; sourceTree = "<group>"; };
		32BC6D4A2B51472F00870126 /* GroupClient.swift */ = {isa = PBXFileReference; lastKnownFileType = sourcecode.swift; path = GroupClient.swift; sourceTree = "<group>"; };
		32BC6D4C2B51473600870126 /* GroupLiveKey.swift */ = {isa = PBXFileReference; lastKnownFileType = sourcecode.swift; path = GroupLiveKey.swift; sourceTree = "<group>"; };
		32BC6D502B5149DC00870126 /* Member.swift */ = {isa = PBXFileReference; lastKnownFileType = sourcecode.swift; path = Member.swift; sourceTree = "<group>"; };
		32BC6D522B5149E200870126 /* Group.swift */ = {isa = PBXFileReference; lastKnownFileType = sourcecode.swift; path = Group.swift; sourceTree = "<group>"; };
		32BC6D552B514BA600870126 /* GroupRepositoryProtocol.swift */ = {isa = PBXFileReference; lastKnownFileType = sourcecode.swift; path = GroupRepositoryProtocol.swift; sourceTree = "<group>"; };
		32BC6D5A2B514BE600870126 /* GroupRepositoryMock.swift */ = {isa = PBXFileReference; lastKnownFileType = sourcecode.swift; path = GroupRepositoryMock.swift; sourceTree = "<group>"; };
		32BC6D5C2B5150C100870126 /* GroupRepository.swift */ = {isa = PBXFileReference; lastKnownFileType = sourcecode.swift; path = GroupRepository.swift; sourceTree = "<group>"; };
		32BC6D5E2B5159E000870126 /* GroupDetailView.swift */ = {isa = PBXFileReference; lastKnownFileType = sourcecode.swift; path = GroupDetailView.swift; sourceTree = "<group>"; };
		32BC6D602B5159EB00870126 /* GroupDetailReducer.swift */ = {isa = PBXFileReference; lastKnownFileType = sourcecode.swift; path = GroupDetailReducer.swift; sourceTree = "<group>"; };
		32BC6D622B515DBE00870126 /* GroupRow.swift */ = {isa = PBXFileReference; lastKnownFileType = sourcecode.swift; path = GroupRow.swift; sourceTree = "<group>"; };
		32BC6D642B515DDF00870126 /* GroupRowReducer.swift */ = {isa = PBXFileReference; lastKnownFileType = sourcecode.swift; path = GroupRowReducer.swift; sourceTree = "<group>"; };
		32E3D1BC2B4CCFE0004FAAD5 /* GroupView.swift */ = {isa = PBXFileReference; lastKnownFileType = sourcecode.swift; path = GroupView.swift; sourceTree = "<group>"; };
		32E3D1BE2B4CCFF7004FAAD5 /* WriteView.swift */ = {isa = PBXFileReference; lastKnownFileType = sourcecode.swift; path = WriteView.swift; sourceTree = "<group>"; };
		32E3D1C02B4CD004004FAAD5 /* SearchView.swift */ = {isa = PBXFileReference; lastKnownFileType = sourcecode.swift; path = SearchView.swift; sourceTree = "<group>"; };
		32E3D1C52B4CD3F5004FAAD5 /* GroupViewReducer.swift */ = {isa = PBXFileReference; lastKnownFileType = sourcecode.swift; path = GroupViewReducer.swift; sourceTree = "<group>"; };
		32E3D1C72B4CD969004FAAD5 /* SearchViewReducer.swift */ = {isa = PBXFileReference; lastKnownFileType = sourcecode.swift; path = SearchViewReducer.swift; sourceTree = "<group>"; };
		32E3D1C92B4CD970004FAAD5 /* WriteViewReducer.swift */ = {isa = PBXFileReference; lastKnownFileType = sourcecode.swift; path = WriteViewReducer.swift; sourceTree = "<group>"; };
		32E3D1CD2B4CDCFA004FAAD5 /* MainViewReducer.swift */ = {isa = PBXFileReference; lastKnownFileType = sourcecode.swift; path = MainViewReducer.swift; sourceTree = "<group>"; };
/* End PBXFileReference section */

/* Begin PBXFrameworksBuildPhase section */
		32879D482B19ED53000032EF /* Frameworks */ = {
			isa = PBXFrameworksBuildPhase;
			buildActionMask = 2147483647;
			files = (
				328EF58A2B46342B0061BC86 /* ComposableArchitecture in Frameworks */,
			);
			runOnlyForDeploymentPostprocessing = 0;
		};
		32879D5E2B19ED53000032EF /* Frameworks */ = {
			isa = PBXFrameworksBuildPhase;
			buildActionMask = 2147483647;
			files = (
			);
			runOnlyForDeploymentPostprocessing = 0;
		};
		32879D682B19ED53000032EF /* Frameworks */ = {
			isa = PBXFrameworksBuildPhase;
			buildActionMask = 2147483647;
			files = (
			);
			runOnlyForDeploymentPostprocessing = 0;
		};
/* End PBXFrameworksBuildPhase section */

/* Begin PBXGroup section */
		32400A082B8EC42C00C2D639 /* Extension */ = {
			isa = PBXGroup;
			children = (
				32400A092B8EC43C00C2D639 /* View.swift */,
			);
			path = Extension;
			sourceTree = "<group>";
		};
		32400A0B2B91A5C900C2D639 /* Home */ = {
			isa = PBXGroup;
			children = (
				32400A0C2B91A5E400C2D639 /* HomeView.swift */,
				32400A0E2B91A5EC00C2D639 /* HomeViewReducer.swift */,
			);
			path = Home;
			sourceTree = "<group>";
		};
		32726D332B5F491D0083C2F8 /* Detail */ = {
			isa = PBXGroup;
			children = (
				32BC6D602B5159EB00870126 /* GroupDetailReducer.swift */,
				32BC6D5E2B5159E000870126 /* GroupDetailView.swift */,
			);
			path = Detail;
			sourceTree = "<group>";
		};
		32726D342B5F49250083C2F8 /* New */ = {
			isa = PBXGroup;
			children = (
				32726D352B5F49550083C2F8 /* GroupNewView.swift */,
				32726D372B5F495E0083C2F8 /* GroupNewReducer.swift */,
			);
			path = New;
			sourceTree = "<group>";
		};
		328262102B7AEB5F00D16C9E /* Components */ = {
			isa = PBXGroup;
			children = (
			);
			path = Components;
			sourceTree = "<group>";
		};
		32879D422B19ED53000032EF = {
			isa = PBXGroup;
			children = (
				32879D4D2B19ED53000032EF /* PrayerRequestCollector */,
				32879D642B19ED53000032EF /* PrayerRequestCollectorTests */,
				32879D6E2B19ED53000032EF /* PrayerRequestCollectorUITests */,
				32879D4C2B19ED53000032EF /* Products */,
			);
			sourceTree = "<group>";
		};
		32879D4C2B19ED53000032EF /* Products */ = {
			isa = PBXGroup;
			children = (
				32879D4B2B19ED53000032EF /* PrayerRequestCollector.app */,
				32879D612B19ED53000032EF /* PrayerRequestCollectorTests.xctest */,
				32879D6B2B19ED53000032EF /* PrayerRequestCollectorUITests.xctest */,
			);
			name = Products;
			sourceTree = "<group>";
		};
		32879D4D2B19ED53000032EF /* PrayerRequestCollector */ = {
			isa = PBXGroup;
			children = (
				328EF58B2B463AEF0061BC86 /* PresentationLayer */,
				328EF58C2B463AFD0061BC86 /* DomainLayer */,
				328EF58D2B463B030061BC86 /* DataLayer */,
				328EF58E2B463B1F0061BC86 /* Resources */,
				32879D572B19ED53000032EF /* Persistence.swift */,
				32879D5C2B19ED53000032EF /* Info.plist */,
				32879D592B19ED53000032EF /* PrayerRequestCollector.xcdatamodeld */,
				32879D542B19ED53000032EF /* Preview Content */,
			);
			path = PrayerRequestCollector;
			sourceTree = "<group>";
		};
		32879D542B19ED53000032EF /* Preview Content */ = {
			isa = PBXGroup;
			children = (
				32879D552B19ED53000032EF /* Preview Assets.xcassets */,
			);
			path = "Preview Content";
			sourceTree = "<group>";
		};
		32879D642B19ED53000032EF /* PrayerRequestCollectorTests */ = {
			isa = PBXGroup;
			children = (
				32879D652B19ED53000032EF /* PrayerRequestCollectorTests.swift */,
			);
			path = PrayerRequestCollectorTests;
			sourceTree = "<group>";
		};
		32879D6E2B19ED53000032EF /* PrayerRequestCollectorUITests */ = {
			isa = PBXGroup;
			children = (
				32879D6F2B19ED53000032EF /* PrayerRequestCollectorUITests.swift */,
				32879D712B19ED53000032EF /* PrayerRequestCollectorUITestsLaunchTests.swift */,
			);
			path = PrayerRequestCollectorUITests;
			sourceTree = "<group>";
		};
		328EF58B2B463AEF0061BC86 /* PresentationLayer */ = {
			isa = PBXGroup;
			children = (
				32400A082B8EC42C00C2D639 /* Extension */,
				328262102B7AEB5F00D16C9E /* Components */,
				32E3D1CC2B4CDCE2004FAAD5 /* App */,
				32E3D1CB2B4CDC80004FAAD5 /* Main */,
				32400A0B2B91A5C900C2D639 /* Home */,
				32E3D1C42B4CD321004FAAD5 /* Search */,
				32E3D1C32B4CD31B004FAAD5 /* Write */,
				32E3D1C22B4CD30F004FAAD5 /* Group */,
			);
			path = PresentationLayer;
			sourceTree = "<group>";
		};
		328EF58C2B463AFD0061BC86 /* DomainLayer */ = {
			isa = PBXGroup;
			children = (
				32BC6D4F2B51492400870126 /* Model */,
			);
			path = DomainLayer;
			sourceTree = "<group>";
		};
		328EF58D2B463B030061BC86 /* DataLayer */ = {
			isa = PBXGroup;
			children = (
				32BC6D542B514B8B00870126 /* Repositories */,
				32BC6D4E2B51491D00870126 /* Entity */,
			);
			path = DataLayer;
			sourceTree = "<group>";
		};
		328EF58E2B463B1F0061BC86 /* Resources */ = {
			isa = PBXGroup;
			children = (
				32879D522B19ED53000032EF /* Assets.xcassets */,
			);
			path = Resources;
			sourceTree = "<group>";
		};
		32BC6D4E2B51491D00870126 /* Entity */ = {
			isa = PBXGroup;
			children = (
			);
			path = Entity;
			sourceTree = "<group>";
		};
		32BC6D4F2B51492400870126 /* Model */ = {
			isa = PBXGroup;
			children = (
				32BC6D502B5149DC00870126 /* Member.swift */,
				32BC6D522B5149E200870126 /* Group.swift */,
			);
			path = Model;
			sourceTree = "<group>";
		};
		32BC6D542B514B8B00870126 /* Repositories */ = {
			isa = PBXGroup;
			children = (
				32BC6D592B514BBD00870126 /* Search */,
				32BC6D582B514BB700870126 /* Write */,
				32BC6D572B514BAD00870126 /* Group */,
			);
			path = Repositories;
			sourceTree = "<group>";
		};
		32BC6D572B514BAD00870126 /* Group */ = {
			isa = PBXGroup;
			children = (
				32BC6D552B514BA600870126 /* GroupRepositoryProtocol.swift */,
				32BC6D5A2B514BE600870126 /* GroupRepositoryMock.swift */,
				32BC6D5C2B5150C100870126 /* GroupRepository.swift */,
			);
			path = Group;
			sourceTree = "<group>";
		};
		32BC6D582B514BB700870126 /* Write */ = {
			isa = PBXGroup;
			children = (
			);
			path = Write;
			sourceTree = "<group>";
		};
		32BC6D592B514BBD00870126 /* Search */ = {
			isa = PBXGroup;
			children = (
			);
			path = Search;
			sourceTree = "<group>";
		};
		32E3D1C22B4CD30F004FAAD5 /* Group */ = {
			isa = PBXGroup;
			children = (
				32726D342B5F49250083C2F8 /* New */,
				32726D332B5F491D0083C2F8 /* Detail */,
				32E3D1BC2B4CCFE0004FAAD5 /* GroupView.swift */,
				32E3D1C52B4CD3F5004FAAD5 /* GroupViewReducer.swift */,
				32BC6D4A2B51472F00870126 /* GroupClient.swift */,
				32BC6D4C2B51473600870126 /* GroupLiveKey.swift */,
				32BC6D622B515DBE00870126 /* GroupRow.swift */,
				32BC6D642B515DDF00870126 /* GroupRowReducer.swift */,
			);
			path = Group;
			sourceTree = "<group>";
		};
		32E3D1C32B4CD31B004FAAD5 /* Write */ = {
			isa = PBXGroup;
			children = (
				32E3D1BE2B4CCFF7004FAAD5 /* WriteView.swift */,
				32E3D1C92B4CD970004FAAD5 /* WriteViewReducer.swift */,
				328262162B7AF2A800D16C9E /* WriteGroupRowReducer.swift */,
				328262182B7AF2B300D16C9E /* WriteGroupRow.swift */,
			);
			path = Write;
			sourceTree = "<group>";
		};
		32E3D1C42B4CD321004FAAD5 /* Search */ = {
			isa = PBXGroup;
			children = (
				32E3D1C02B4CD004004FAAD5 /* SearchView.swift */,
				32E3D1C72B4CD969004FAAD5 /* SearchViewReducer.swift */,
			);
			path = Search;
			sourceTree = "<group>";
		};
		32E3D1CB2B4CDC80004FAAD5 /* Main */ = {
			isa = PBXGroup;
			children = (
				32879D7E2B19EEB6000032EF /* MainView.swift */,
				32E3D1CD2B4CDCFA004FAAD5 /* MainViewReducer.swift */,
			);
			path = Main;
			sourceTree = "<group>";
		};
		32E3D1CC2B4CDCE2004FAAD5 /* App */ = {
			isa = PBXGroup;
			children = (
				32879D4E2B19ED53000032EF /* PrayerRequestCollectorApp.swift */,
			);
			path = App;
			sourceTree = "<group>";
		};
/* End PBXGroup section */

/* Begin PBXNativeTarget section */
		32879D4A2B19ED53000032EF /* PrayerRequestCollector */ = {
			isa = PBXNativeTarget;
			buildConfigurationList = 32879D752B19ED53000032EF /* Build configuration list for PBXNativeTarget "PrayerRequestCollector" */;
			buildPhases = (
				32879D472B19ED53000032EF /* Sources */,
				32879D482B19ED53000032EF /* Frameworks */,
				32879D492B19ED53000032EF /* Resources */,
			);
			buildRules = (
			);
			dependencies = (
			);
			name = PrayerRequestCollector;
			packageProductDependencies = (
				328EF5892B46342B0061BC86 /* ComposableArchitecture */,
			);
			productName = PrayerRequestCollector;
			productReference = 32879D4B2B19ED53000032EF /* PrayerRequestCollector.app */;
			productType = "com.apple.product-type.application";
		};
		32879D602B19ED53000032EF /* PrayerRequestCollectorTests */ = {
			isa = PBXNativeTarget;
			buildConfigurationList = 32879D782B19ED53000032EF /* Build configuration list for PBXNativeTarget "PrayerRequestCollectorTests" */;
			buildPhases = (
				32879D5D2B19ED53000032EF /* Sources */,
				32879D5E2B19ED53000032EF /* Frameworks */,
				32879D5F2B19ED53000032EF /* Resources */,
			);
			buildRules = (
			);
			dependencies = (
				32879D632B19ED53000032EF /* PBXTargetDependency */,
			);
			name = PrayerRequestCollectorTests;
			productName = PrayerRequestCollectorTests;
			productReference = 32879D612B19ED53000032EF /* PrayerRequestCollectorTests.xctest */;
			productType = "com.apple.product-type.bundle.unit-test";
		};
		32879D6A2B19ED53000032EF /* PrayerRequestCollectorUITests */ = {
			isa = PBXNativeTarget;
			buildConfigurationList = 32879D7B2B19ED53000032EF /* Build configuration list for PBXNativeTarget "PrayerRequestCollectorUITests" */;
			buildPhases = (
				32879D672B19ED53000032EF /* Sources */,
				32879D682B19ED53000032EF /* Frameworks */,
				32879D692B19ED53000032EF /* Resources */,
			);
			buildRules = (
			);
			dependencies = (
				32879D6D2B19ED53000032EF /* PBXTargetDependency */,
			);
			name = PrayerRequestCollectorUITests;
			productName = PrayerRequestCollectorUITests;
			productReference = 32879D6B2B19ED53000032EF /* PrayerRequestCollectorUITests.xctest */;
			productType = "com.apple.product-type.bundle.ui-testing";
		};
/* End PBXNativeTarget section */

/* Begin PBXProject section */
		32879D432B19ED53000032EF /* Project object */ = {
			isa = PBXProject;
			attributes = {
				BuildIndependentTargetsInParallel = 1;
				LastSwiftUpdateCheck = 1420;
				LastUpgradeCheck = 1420;
				TargetAttributes = {
					32879D4A2B19ED53000032EF = {
						CreatedOnToolsVersion = 14.2;
					};
					32879D602B19ED53000032EF = {
						CreatedOnToolsVersion = 14.2;
						TestTargetID = 32879D4A2B19ED53000032EF;
					};
					32879D6A2B19ED53000032EF = {
						CreatedOnToolsVersion = 14.2;
						TestTargetID = 32879D4A2B19ED53000032EF;
					};
				};
			};
			buildConfigurationList = 32879D462B19ED53000032EF /* Build configuration list for PBXProject "PrayerRequestCollector" */;
			compatibilityVersion = "Xcode 14.0";
			developmentRegion = en;
			hasScannedForEncodings = 0;
			knownRegions = (
				en,
				Base,
			);
			mainGroup = 32879D422B19ED53000032EF;
			packageReferences = (
				328EF5882B46342B0061BC86 /* XCRemoteSwiftPackageReference "swift-composable-architecture" */,
			);
			productRefGroup = 32879D4C2B19ED53000032EF /* Products */;
			projectDirPath = "";
			projectRoot = "";
			targets = (
				32879D4A2B19ED53000032EF /* PrayerRequestCollector */,
				32879D602B19ED53000032EF /* PrayerRequestCollectorTests */,
				32879D6A2B19ED53000032EF /* PrayerRequestCollectorUITests */,
			);
		};
/* End PBXProject section */

/* Begin PBXResourcesBuildPhase section */
		32879D492B19ED53000032EF /* Resources */ = {
			isa = PBXResourcesBuildPhase;
			buildActionMask = 2147483647;
			files = (
				32879D562B19ED53000032EF /* Preview Assets.xcassets in Resources */,
				32879D532B19ED53000032EF /* Assets.xcassets in Resources */,
			);
			runOnlyForDeploymentPostprocessing = 0;
		};
		32879D5F2B19ED53000032EF /* Resources */ = {
			isa = PBXResourcesBuildPhase;
			buildActionMask = 2147483647;
			files = (
			);
			runOnlyForDeploymentPostprocessing = 0;
		};
		32879D692B19ED53000032EF /* Resources */ = {
			isa = PBXResourcesBuildPhase;
			buildActionMask = 2147483647;
			files = (
			);
			runOnlyForDeploymentPostprocessing = 0;
		};
/* End PBXResourcesBuildPhase section */

/* Begin PBXSourcesBuildPhase section */
		32879D472B19ED53000032EF /* Sources */ = {
			isa = PBXSourcesBuildPhase;
			buildActionMask = 2147483647;
			files = (
				32879D582B19ED53000032EF /* Persistence.swift in Sources */,
				32400A0D2B91A5E400C2D639 /* HomeView.swift in Sources */,
				32726D382B5F495E0083C2F8 /* GroupNewReducer.swift in Sources */,
				32BC6D5F2B5159E000870126 /* GroupDetailView.swift in Sources */,
				32BC6D632B515DBE00870126 /* GroupRow.swift in Sources */,
				32879D5B2B19ED53000032EF /* PrayerRequestCollector.xcdatamodeld in Sources */,
				32E3D1C82B4CD969004FAAD5 /* SearchViewReducer.swift in Sources */,
				32BC6D532B5149E200870126 /* Group.swift in Sources */,
				32BC6D4B2B51472F00870126 /* GroupClient.swift in Sources */,
				32E3D1CA2B4CD970004FAAD5 /* WriteViewReducer.swift in Sources */,
				32BC6D512B5149DC00870126 /* Member.swift in Sources */,
				32BC6D652B515DDF00870126 /* GroupRowReducer.swift in Sources */,
				32BC6D562B514BA600870126 /* GroupRepositoryProtocol.swift in Sources */,
				328262192B7AF2B300D16C9E /* WriteGroupRow.swift in Sources */,
				32E3D1BF2B4CCFF7004FAAD5 /* WriteView.swift in Sources */,
				32400A0F2B91A5EC00C2D639 /* HomeViewReducer.swift in Sources */,
				32400A0A2B8EC43C00C2D639 /* View.swift in Sources */,
				32E3D1C62B4CD3F5004FAAD5 /* GroupViewReducer.swift in Sources */,
				32E3D1C12B4CD004004FAAD5 /* SearchView.swift in Sources */,
				32726D362B5F49550083C2F8 /* GroupNewView.swift in Sources */,
				32879D7F2B19EEB6000032EF /* MainView.swift in Sources */,
				328262172B7AF2A800D16C9E /* WriteGroupRowReducer.swift in Sources */,
				32E3D1BD2B4CCFE0004FAAD5 /* GroupView.swift in Sources */,
				32BC6D4D2B51473600870126 /* GroupLiveKey.swift in Sources */,
				32879D4F2B19ED53000032EF /* PrayerRequestCollectorApp.swift in Sources */,
				32BC6D5D2B5150C100870126 /* GroupRepository.swift in Sources */,
				32BC6D612B5159EB00870126 /* GroupDetailReducer.swift in Sources */,
				32E3D1CE2B4CDCFA004FAAD5 /* MainViewReducer.swift in Sources */,
				32BC6D5B2B514BE600870126 /* GroupRepositoryMock.swift in Sources */,
			);
			runOnlyForDeploymentPostprocessing = 0;
		};
		32879D5D2B19ED53000032EF /* Sources */ = {
			isa = PBXSourcesBuildPhase;
			buildActionMask = 2147483647;
			files = (
				32879D662B19ED53000032EF /* PrayerRequestCollectorTests.swift in Sources */,
			);
			runOnlyForDeploymentPostprocessing = 0;
		};
		32879D672B19ED53000032EF /* Sources */ = {
			isa = PBXSourcesBuildPhase;
			buildActionMask = 2147483647;
			files = (
				32879D702B19ED53000032EF /* PrayerRequestCollectorUITests.swift in Sources */,
				32879D722B19ED53000032EF /* PrayerRequestCollectorUITestsLaunchTests.swift in Sources */,
			);
			runOnlyForDeploymentPostprocessing = 0;
		};
/* End PBXSourcesBuildPhase section */

/* Begin PBXTargetDependency section */
		32879D632B19ED53000032EF /* PBXTargetDependency */ = {
			isa = PBXTargetDependency;
			target = 32879D4A2B19ED53000032EF /* PrayerRequestCollector */;
			targetProxy = 32879D622B19ED53000032EF /* PBXContainerItemProxy */;
		};
		32879D6D2B19ED53000032EF /* PBXTargetDependency */ = {
			isa = PBXTargetDependency;
			target = 32879D4A2B19ED53000032EF /* PrayerRequestCollector */;
			targetProxy = 32879D6C2B19ED53000032EF /* PBXContainerItemProxy */;
		};
/* End PBXTargetDependency section */

/* Begin XCBuildConfiguration section */
		32879D732B19ED53000032EF /* Debug */ = {
			isa = XCBuildConfiguration;
			buildSettings = {
				ALWAYS_SEARCH_USER_PATHS = NO;
				CLANG_ANALYZER_NONNULL = YES;
				CLANG_ANALYZER_NUMBER_OBJECT_CONVERSION = YES_AGGRESSIVE;
				CLANG_CXX_LANGUAGE_STANDARD = "gnu++20";
				CLANG_ENABLE_MODULES = YES;
				CLANG_ENABLE_OBJC_ARC = YES;
				CLANG_ENABLE_OBJC_WEAK = YES;
				CLANG_WARN_BLOCK_CAPTURE_AUTORELEASING = YES;
				CLANG_WARN_BOOL_CONVERSION = YES;
				CLANG_WARN_COMMA = YES;
				CLANG_WARN_CONSTANT_CONVERSION = YES;
				CLANG_WARN_DEPRECATED_OBJC_IMPLEMENTATIONS = YES;
				CLANG_WARN_DIRECT_OBJC_ISA_USAGE = YES_ERROR;
				CLANG_WARN_DOCUMENTATION_COMMENTS = YES;
				CLANG_WARN_EMPTY_BODY = YES;
				CLANG_WARN_ENUM_CONVERSION = YES;
				CLANG_WARN_INFINITE_RECURSION = YES;
				CLANG_WARN_INT_CONVERSION = YES;
				CLANG_WARN_NON_LITERAL_NULL_CONVERSION = YES;
				CLANG_WARN_OBJC_IMPLICIT_RETAIN_SELF = YES;
				CLANG_WARN_OBJC_LITERAL_CONVERSION = YES;
				CLANG_WARN_OBJC_ROOT_CLASS = YES_ERROR;
				CLANG_WARN_QUOTED_INCLUDE_IN_FRAMEWORK_HEADER = YES;
				CLANG_WARN_RANGE_LOOP_ANALYSIS = YES;
				CLANG_WARN_STRICT_PROTOTYPES = YES;
				CLANG_WARN_SUSPICIOUS_MOVE = YES;
				CLANG_WARN_UNGUARDED_AVAILABILITY = YES_AGGRESSIVE;
				CLANG_WARN_UNREACHABLE_CODE = YES;
				CLANG_WARN__DUPLICATE_METHOD_MATCH = YES;
				COPY_PHASE_STRIP = NO;
				DEBUG_INFORMATION_FORMAT = dwarf;
				ENABLE_STRICT_OBJC_MSGSEND = YES;
				ENABLE_TESTABILITY = YES;
				GCC_C_LANGUAGE_STANDARD = gnu11;
				GCC_DYNAMIC_NO_PIC = NO;
				GCC_NO_COMMON_BLOCKS = YES;
				GCC_OPTIMIZATION_LEVEL = 0;
				GCC_PREPROCESSOR_DEFINITIONS = (
					"DEBUG=1",
					"$(inherited)",
				);
				GCC_WARN_64_TO_32_BIT_CONVERSION = YES;
				GCC_WARN_ABOUT_RETURN_TYPE = YES_ERROR;
				GCC_WARN_UNDECLARED_SELECTOR = YES;
				GCC_WARN_UNINITIALIZED_AUTOS = YES_AGGRESSIVE;
				GCC_WARN_UNUSED_FUNCTION = YES;
				GCC_WARN_UNUSED_VARIABLE = YES;
				IPHONEOS_DEPLOYMENT_TARGET = 16.2;
				MTL_ENABLE_DEBUG_INFO = INCLUDE_SOURCE;
				MTL_FAST_MATH = YES;
				ONLY_ACTIVE_ARCH = YES;
				SDKROOT = iphoneos;
				SWIFT_ACTIVE_COMPILATION_CONDITIONS = DEBUG;
				SWIFT_OPTIMIZATION_LEVEL = "-Onone";
			};
			name = Debug;
		};
		32879D742B19ED53000032EF /* Release */ = {
			isa = XCBuildConfiguration;
			buildSettings = {
				ALWAYS_SEARCH_USER_PATHS = NO;
				CLANG_ANALYZER_NONNULL = YES;
				CLANG_ANALYZER_NUMBER_OBJECT_CONVERSION = YES_AGGRESSIVE;
				CLANG_CXX_LANGUAGE_STANDARD = "gnu++20";
				CLANG_ENABLE_MODULES = YES;
				CLANG_ENABLE_OBJC_ARC = YES;
				CLANG_ENABLE_OBJC_WEAK = YES;
				CLANG_WARN_BLOCK_CAPTURE_AUTORELEASING = YES;
				CLANG_WARN_BOOL_CONVERSION = YES;
				CLANG_WARN_COMMA = YES;
				CLANG_WARN_CONSTANT_CONVERSION = YES;
				CLANG_WARN_DEPRECATED_OBJC_IMPLEMENTATIONS = YES;
				CLANG_WARN_DIRECT_OBJC_ISA_USAGE = YES_ERROR;
				CLANG_WARN_DOCUMENTATION_COMMENTS = YES;
				CLANG_WARN_EMPTY_BODY = YES;
				CLANG_WARN_ENUM_CONVERSION = YES;
				CLANG_WARN_INFINITE_RECURSION = YES;
				CLANG_WARN_INT_CONVERSION = YES;
				CLANG_WARN_NON_LITERAL_NULL_CONVERSION = YES;
				CLANG_WARN_OBJC_IMPLICIT_RETAIN_SELF = YES;
				CLANG_WARN_OBJC_LITERAL_CONVERSION = YES;
				CLANG_WARN_OBJC_ROOT_CLASS = YES_ERROR;
				CLANG_WARN_QUOTED_INCLUDE_IN_FRAMEWORK_HEADER = YES;
				CLANG_WARN_RANGE_LOOP_ANALYSIS = YES;
				CLANG_WARN_STRICT_PROTOTYPES = YES;
				CLANG_WARN_SUSPICIOUS_MOVE = YES;
				CLANG_WARN_UNGUARDED_AVAILABILITY = YES_AGGRESSIVE;
				CLANG_WARN_UNREACHABLE_CODE = YES;
				CLANG_WARN__DUPLICATE_METHOD_MATCH = YES;
				COPY_PHASE_STRIP = NO;
				DEBUG_INFORMATION_FORMAT = "dwarf-with-dsym";
				ENABLE_NS_ASSERTIONS = NO;
				ENABLE_STRICT_OBJC_MSGSEND = YES;
				GCC_C_LANGUAGE_STANDARD = gnu11;
				GCC_NO_COMMON_BLOCKS = YES;
				GCC_WARN_64_TO_32_BIT_CONVERSION = YES;
				GCC_WARN_ABOUT_RETURN_TYPE = YES_ERROR;
				GCC_WARN_UNDECLARED_SELECTOR = YES;
				GCC_WARN_UNINITIALIZED_AUTOS = YES_AGGRESSIVE;
				GCC_WARN_UNUSED_FUNCTION = YES;
				GCC_WARN_UNUSED_VARIABLE = YES;
				IPHONEOS_DEPLOYMENT_TARGET = 16.2;
				MTL_ENABLE_DEBUG_INFO = NO;
				MTL_FAST_MATH = YES;
				SDKROOT = iphoneos;
				SWIFT_COMPILATION_MODE = wholemodule;
				SWIFT_OPTIMIZATION_LEVEL = "-O";
				VALIDATE_PRODUCT = YES;
			};
			name = Release;
		};
		32879D762B19ED53000032EF /* Debug */ = {
			isa = XCBuildConfiguration;
			buildSettings = {
				ASSETCATALOG_COMPILER_APPICON_NAME = AppIcon;
				ASSETCATALOG_COMPILER_GLOBAL_ACCENT_COLOR_NAME = AccentColor;
				CODE_SIGN_STYLE = Automatic;
				CURRENT_PROJECT_VERSION = 1;
				DEVELOPMENT_ASSET_PATHS = "\"PrayerRequestCollector/Preview Content\"";
				DEVELOPMENT_TEAM = ASX597UAY6;
				ENABLE_PREVIEWS = YES;
				GENERATE_INFOPLIST_FILE = YES;
				INFOPLIST_KEY_UIApplicationSceneManifest_Generation = YES;
				INFOPLIST_KEY_UIApplicationSupportsIndirectInputEvents = YES;
				INFOPLIST_KEY_UILaunchScreen_Generation = YES;
				INFOPLIST_KEY_UISupportedInterfaceOrientations_iPad = "UIInterfaceOrientationPortrait UIInterfaceOrientationPortraitUpsideDown UIInterfaceOrientationLandscapeLeft UIInterfaceOrientationLandscapeRight";
				INFOPLIST_KEY_UISupportedInterfaceOrientations_iPhone = "UIInterfaceOrientationPortrait UIInterfaceOrientationLandscapeLeft UIInterfaceOrientationLandscapeRight";
				LD_RUNPATH_SEARCH_PATHS = (
					"$(inherited)",
					"@executable_path/Frameworks",
				);
				MARKETING_VERSION = 1.0;
				PRODUCT_BUNDLE_IDENTIFIER = com.ios.PrayerRequestCollector;
				PRODUCT_NAME = "$(TARGET_NAME)";
				SWIFT_EMIT_LOC_STRINGS = YES;
				SWIFT_VERSION = 5.0;
				TARGETED_DEVICE_FAMILY = "1,2";
			};
			name = Debug;
		};
		32879D772B19ED53000032EF /* Release */ = {
			isa = XCBuildConfiguration;
			buildSettings = {
				ASSETCATALOG_COMPILER_APPICON_NAME = AppIcon;
				ASSETCATALOG_COMPILER_GLOBAL_ACCENT_COLOR_NAME = AccentColor;
				CODE_SIGN_STYLE = Automatic;
				CURRENT_PROJECT_VERSION = 1;
				DEVELOPMENT_ASSET_PATHS = "\"PrayerRequestCollector/Preview Content\"";
				DEVELOPMENT_TEAM = ASX597UAY6;
				ENABLE_PREVIEWS = YES;
				GENERATE_INFOPLIST_FILE = YES;
				INFOPLIST_KEY_UIApplicationSceneManifest_Generation = YES;
				INFOPLIST_KEY_UIApplicationSupportsIndirectInputEvents = YES;
				INFOPLIST_KEY_UILaunchScreen_Generation = YES;
				INFOPLIST_KEY_UISupportedInterfaceOrientations_iPad = "UIInterfaceOrientationPortrait UIInterfaceOrientationPortraitUpsideDown UIInterfaceOrientationLandscapeLeft UIInterfaceOrientationLandscapeRight";
				INFOPLIST_KEY_UISupportedInterfaceOrientations_iPhone = "UIInterfaceOrientationPortrait UIInterfaceOrientationLandscapeLeft UIInterfaceOrientationLandscapeRight";
				LD_RUNPATH_SEARCH_PATHS = (
					"$(inherited)",
					"@executable_path/Frameworks",
				);
				MARKETING_VERSION = 1.0;
				PRODUCT_BUNDLE_IDENTIFIER = com.ios.PrayerRequestCollector;
				PRODUCT_NAME = "$(TARGET_NAME)";
				SWIFT_EMIT_LOC_STRINGS = YES;
				SWIFT_VERSION = 5.0;
				TARGETED_DEVICE_FAMILY = "1,2";
			};
			name = Release;
		};
		32879D792B19ED53000032EF /* Debug */ = {
			isa = XCBuildConfiguration;
			buildSettings = {
				ALWAYS_EMBED_SWIFT_STANDARD_LIBRARIES = YES;
				BUNDLE_LOADER = "$(TEST_HOST)";
				CODE_SIGN_STYLE = Automatic;
				CURRENT_PROJECT_VERSION = 1;
				DEVELOPMENT_TEAM = ASX597UAY6;
				GENERATE_INFOPLIST_FILE = YES;
				IPHONEOS_DEPLOYMENT_TARGET = 16.2;
				MARKETING_VERSION = 1.0;
				PRODUCT_BUNDLE_IDENTIFIER = com.ios.PrayerRequestCollectorTests;
				PRODUCT_NAME = "$(TARGET_NAME)";
				SWIFT_EMIT_LOC_STRINGS = NO;
				SWIFT_VERSION = 5.0;
				TARGETED_DEVICE_FAMILY = "1,2";
				TEST_HOST = "$(BUILT_PRODUCTS_DIR)/PrayerRequestCollector.app/$(BUNDLE_EXECUTABLE_FOLDER_PATH)/PrayerRequestCollector";
			};
			name = Debug;
		};
		32879D7A2B19ED53000032EF /* Release */ = {
			isa = XCBuildConfiguration;
			buildSettings = {
				ALWAYS_EMBED_SWIFT_STANDARD_LIBRARIES = YES;
				BUNDLE_LOADER = "$(TEST_HOST)";
				CODE_SIGN_STYLE = Automatic;
				CURRENT_PROJECT_VERSION = 1;
				DEVELOPMENT_TEAM = ASX597UAY6;
				GENERATE_INFOPLIST_FILE = YES;
				IPHONEOS_DEPLOYMENT_TARGET = 16.2;
				MARKETING_VERSION = 1.0;
				PRODUCT_BUNDLE_IDENTIFIER = com.ios.PrayerRequestCollectorTests;
				PRODUCT_NAME = "$(TARGET_NAME)";
				SWIFT_EMIT_LOC_STRINGS = NO;
				SWIFT_VERSION = 5.0;
				TARGETED_DEVICE_FAMILY = "1,2";
				TEST_HOST = "$(BUILT_PRODUCTS_DIR)/PrayerRequestCollector.app/$(BUNDLE_EXECUTABLE_FOLDER_PATH)/PrayerRequestCollector";
			};
			name = Release;
		};
		32879D7C2B19ED53000032EF /* Debug */ = {
			isa = XCBuildConfiguration;
			buildSettings = {
				ALWAYS_EMBED_SWIFT_STANDARD_LIBRARIES = YES;
				CODE_SIGN_STYLE = Automatic;
				CURRENT_PROJECT_VERSION = 1;
				DEVELOPMENT_TEAM = ASX597UAY6;
				GENERATE_INFOPLIST_FILE = YES;
				MARKETING_VERSION = 1.0;
				PRODUCT_BUNDLE_IDENTIFIER = com.ios.PrayerRequestCollectorUITests;
				PRODUCT_NAME = "$(TARGET_NAME)";
				SWIFT_EMIT_LOC_STRINGS = NO;
				SWIFT_VERSION = 5.0;
				TARGETED_DEVICE_FAMILY = "1,2";
				TEST_TARGET_NAME = PrayerRequestCollector;
			};
			name = Debug;
		};
		32879D7D2B19ED53000032EF /* Release */ = {
			isa = XCBuildConfiguration;
			buildSettings = {
				ALWAYS_EMBED_SWIFT_STANDARD_LIBRARIES = YES;
				CODE_SIGN_STYLE = Automatic;
				CURRENT_PROJECT_VERSION = 1;
				DEVELOPMENT_TEAM = ASX597UAY6;
				GENERATE_INFOPLIST_FILE = YES;
				MARKETING_VERSION = 1.0;
				PRODUCT_BUNDLE_IDENTIFIER = com.ios.PrayerRequestCollectorUITests;
				PRODUCT_NAME = "$(TARGET_NAME)";
				SWIFT_EMIT_LOC_STRINGS = NO;
				SWIFT_VERSION = 5.0;
				TARGETED_DEVICE_FAMILY = "1,2";
				TEST_TARGET_NAME = PrayerRequestCollector;
			};
			name = Release;
		};
/* End XCBuildConfiguration section */

/* Begin XCConfigurationList section */
		32879D462B19ED53000032EF /* Build configuration list for PBXProject "PrayerRequestCollector" */ = {
			isa = XCConfigurationList;
			buildConfigurations = (
				32879D732B19ED53000032EF /* Debug */,
				32879D742B19ED53000032EF /* Release */,
			);
			defaultConfigurationIsVisible = 0;
			defaultConfigurationName = Release;
		};
		32879D752B19ED53000032EF /* Build configuration list for PBXNativeTarget "PrayerRequestCollector" */ = {
			isa = XCConfigurationList;
			buildConfigurations = (
				32879D762B19ED53000032EF /* Debug */,
				32879D772B19ED53000032EF /* Release */,
			);
			defaultConfigurationIsVisible = 0;
			defaultConfigurationName = Release;
		};
		32879D782B19ED53000032EF /* Build configuration list for PBXNativeTarget "PrayerRequestCollectorTests" */ = {
			isa = XCConfigurationList;
			buildConfigurations = (
				32879D792B19ED53000032EF /* Debug */,
				32879D7A2B19ED53000032EF /* Release */,
			);
			defaultConfigurationIsVisible = 0;
			defaultConfigurationName = Release;
		};
		32879D7B2B19ED53000032EF /* Build configuration list for PBXNativeTarget "PrayerRequestCollectorUITests" */ = {
			isa = XCConfigurationList;
			buildConfigurations = (
				32879D7C2B19ED53000032EF /* Debug */,
				32879D7D2B19ED53000032EF /* Release */,
			);
			defaultConfigurationIsVisible = 0;
			defaultConfigurationName = Release;
		};
/* End XCConfigurationList section */

/* Begin XCRemoteSwiftPackageReference section */
		328EF5882B46342B0061BC86 /* XCRemoteSwiftPackageReference "swift-composable-architecture" */ = {
			isa = XCRemoteSwiftPackageReference;
			repositoryURL = "https://github.com/pointfreeco/swift-composable-architecture.git";
			requirement = {
				kind = upToNextMinorVersion;
				minimumVersion = 1.3.0;
			};
		};
/* End XCRemoteSwiftPackageReference section */

/* Begin XCSwiftPackageProductDependency section */
		328EF5892B46342B0061BC86 /* ComposableArchitecture */ = {
			isa = XCSwiftPackageProductDependency;
			package = 328EF5882B46342B0061BC86 /* XCRemoteSwiftPackageReference "swift-composable-architecture" */;
			productName = ComposableArchitecture;
		};
/* End XCSwiftPackageProductDependency section */

/* Begin XCVersionGroup section */
		32879D592B19ED53000032EF /* PrayerRequestCollector.xcdatamodeld */ = {
			isa = XCVersionGroup;
			children = (
				32879D5A2B19ED53000032EF /* PrayerRequestCollector.xcdatamodel */,
			);
			currentVersion = 32879D5A2B19ED53000032EF /* PrayerRequestCollector.xcdatamodel */;
			path = PrayerRequestCollector.xcdatamodeld;
			sourceTree = "<group>";
			versionGroupType = wrapper.xcdatamodel;
		};
/* End XCVersionGroup section */
	};
	rootObject = 32879D432B19ED53000032EF /* Project object */;
}
